// !$*UTF8*$!
{
	archiveVersion = 1;
	classes = {
	};
	objectVersion = 55;
	objects = {

/* Begin PBXBuildFile section */
		0C04B6A527C3678B00F3D548 /* DailyRankCollectionViewCell.swift in Sources */ = {isa = PBXBuildFile; fileRef = 0C04B6A327C3678B00F3D548 /* DailyRankCollectionViewCell.swift */; };
		0C04B6A627C3678B00F3D548 /* DailyRankCollectionViewCell.xib in Resources */ = {isa = PBXBuildFile; fileRef = 0C04B6A427C3678B00F3D548 /* DailyRankCollectionViewCell.xib */; };
		0C04B6A927C37B8500F3D548 /* UIImageView+.swift in Sources */ = {isa = PBXBuildFile; fileRef = 0C04B6A827C37B8500F3D548 /* UIImageView+.swift */; };
		0C04B6AB27C37FA400F3D548 /* ColorConstant.swift in Sources */ = {isa = PBXBuildFile; fileRef = 0C04B6AA27C37FA400F3D548 /* ColorConstant.swift */; };
		0C04B6AD27C3814100F3D548 /* ColorSet.plist in Resources */ = {isa = PBXBuildFile; fileRef = 0C04B6AC27C3814100F3D548 /* ColorSet.plist */; };
		0C04B6AF27C39F9F00F3D548 /* ResponceCompanyList.swift in Sources */ = {isa = PBXBuildFile; fileRef = 0C04B6AE27C39F9F00F3D548 /* ResponceCompanyList.swift */; };
		0C4CD01E27BE0FF400480B38 /* ResponceDailyBoxOffice.swift in Sources */ = {isa = PBXBuildFile; fileRef = 0C4CD01D27BE0FF400480B38 /* ResponceDailyBoxOffice.swift */; };
		0C4CD02A27BE2C7900480B38 /* MainViewController.swift in Sources */ = {isa = PBXBuildFile; fileRef = 0C4CD02827BE2C7900480B38 /* MainViewController.swift */; };
		0C4CD02B27BE2C7900480B38 /* MainViewController.xib in Resources */ = {isa = PBXBuildFile; fileRef = 0C4CD02927BE2C7900480B38 /* MainViewController.xib */; };
		0C4CD02D27BE3D4500480B38 /* NaverOpenApiManager.swift in Sources */ = {isa = PBXBuildFile; fileRef = 0C4CD02C27BE3D4500480B38 /* NaverOpenApiManager.swift */; };
		0C4CD03027BE490900480B38 /* RequestNaverSearchMovie.swift in Sources */ = {isa = PBXBuildFile; fileRef = 0C4CD02F27BE490900480B38 /* RequestNaverSearchMovie.swift */; };
		0C4CD03227BE494D00480B38 /* RequestDailyBoxOffice.swift in Sources */ = {isa = PBXBuildFile; fileRef = 0C4CD03127BE494D00480B38 /* RequestDailyBoxOffice.swift */; };
		0C4F7F2A27C5C865004E510C /* CompanyRecommendCollectionViewCell.swift in Sources */ = {isa = PBXBuildFile; fileRef = 0C4F7F2827C5C865004E510C /* CompanyRecommendCollectionViewCell.swift */; };
		0C4F7F2B27C5C865004E510C /* CompanyRecommendCollectionViewCell.xib in Resources */ = {isa = PBXBuildFile; fileRef = 0C4F7F2927C5C865004E510C /* CompanyRecommendCollectionViewCell.xib */; };
		0C4F7F2D27C5CF89004E510C /* ComppanyRecommendData.swift in Sources */ = {isa = PBXBuildFile; fileRef = 0C4F7F2C27C5CF89004E510C /* ComppanyRecommendData.swift */; };
		0CA78FEA27BB938100170455 /* AppDelegate.swift in Sources */ = {isa = PBXBuildFile; fileRef = 0CA78FE927BB938100170455 /* AppDelegate.swift */; };
		0CA78FEC27BB938100170455 /* SceneDelegate.swift in Sources */ = {isa = PBXBuildFile; fileRef = 0CA78FEB27BB938100170455 /* SceneDelegate.swift */; };
		0CA78FEE27BB938100170455 /* ViewController.swift in Sources */ = {isa = PBXBuildFile; fileRef = 0CA78FED27BB938100170455 /* ViewController.swift */; };
		0CA78FF127BB938100170455 /* Main.storyboard in Resources */ = {isa = PBXBuildFile; fileRef = 0CA78FEF27BB938100170455 /* Main.storyboard */; };
		0CA78FF327BB938200170455 /* Assets.xcassets in Resources */ = {isa = PBXBuildFile; fileRef = 0CA78FF227BB938200170455 /* Assets.xcassets */; };
		0CA78FF627BB938200170455 /* LaunchScreen.storyboard in Resources */ = {isa = PBXBuildFile; fileRef = 0CA78FF427BB938200170455 /* LaunchScreen.storyboard */; };
		0CA7900127BB938200170455 /* MoveItMovieTests.swift in Sources */ = {isa = PBXBuildFile; fileRef = 0CA7900027BB938200170455 /* MoveItMovieTests.swift */; };
		0CA7900B27BB938200170455 /* MoveItMovieUITests.swift in Sources */ = {isa = PBXBuildFile; fileRef = 0CA7900A27BB938200170455 /* MoveItMovieUITests.swift */; };
		0CA7900D27BB938200170455 /* MoveItMovieUITestsLaunchTests.swift in Sources */ = {isa = PBXBuildFile; fileRef = 0CA7900C27BB938200170455 /* MoveItMovieUITestsLaunchTests.swift */; };
		0CA7901B27BBA10C00170455 /* OpenApiService.swift in Sources */ = {isa = PBXBuildFile; fileRef = 0CA7901A27BBA10C00170455 /* OpenApiService.swift */; };
		0CC192E927C7202500ECC9DD /* RequestWeeklyBoxOffice.swift in Sources */ = {isa = PBXBuildFile; fileRef = 0CC192E827C7202500ECC9DD /* RequestWeeklyBoxOffice.swift */; };
		0CC192EB27C74AF400ECC9DD /* ResponceWeeklyBoxOffice.swift in Sources */ = {isa = PBXBuildFile; fileRef = 0CC192EA27C74AF400ECC9DD /* ResponceWeeklyBoxOffice.swift */; };
		0CD165E327BF356900C8E8BC /* ResponceNaverSearchMovie.swift in Sources */ = {isa = PBXBuildFile; fileRef = 0CD165E227BF356900C8E8BC /* ResponceNaverSearchMovie.swift */; };
		0CD165F027BF57CD00C8E8BC /*  MainViewPresenter.swift in Sources */ = {isa = PBXBuildFile; fileRef = 0CD165EF27BF57CD00C8E8BC /*  MainViewPresenter.swift */; };
		0CD165F327BF5DA400C8E8BC /* NaverSearchMovieData.swift in Sources */ = {isa = PBXBuildFile; fileRef = 0CD165F227BF5DA400C8E8BC /* NaverSearchMovieData.swift */; };
		0CD165F527BF5FFC00C8E8BC /* ApiUtils.swift in Sources */ = {isa = PBXBuildFile; fileRef = 0CD165F427BF5FFC00C8E8BC /* ApiUtils.swift */; };
		0CD165F727BF638E00C8E8BC /* DailyBoxOfficeData.swift in Sources */ = {isa = PBXBuildFile; fileRef = 0CD165F627BF638E00C8E8BC /* DailyBoxOfficeData.swift */; };
		0CDE3F8327BC9BD900FB36E2 /* CommonUtils.swift in Sources */ = {isa = PBXBuildFile; fileRef = 0CDE3F8227BC9BD900FB36E2 /* CommonUtils.swift */; };
		0CDE3F8827BCB6DF00FB36E2 /* ParamsConstant.swift in Sources */ = {isa = PBXBuildFile; fileRef = 0CDE3F8727BCB6DF00FB36E2 /* ParamsConstant.swift */; };
		0CDE3F8A27BCB75400FB36E2 /* OpenApiManager.swift in Sources */ = {isa = PBXBuildFile; fileRef = 0CDE3F8927BCB75400FB36E2 /* OpenApiManager.swift */; };
		0CF35EA227C4A8B900B541A9 /* RequestCompanyInfo.swift in Sources */ = {isa = PBXBuildFile; fileRef = 0CF35EA127C4A8B900B541A9 /* RequestCompanyInfo.swift */; };
		0CF35EA427C4A9BA00B541A9 /* ResponceCompanyInfo.swift in Sources */ = {isa = PBXBuildFile; fileRef = 0CF35EA327C4A9BA00B541A9 /* ResponceCompanyInfo.swift */; };
		0CF35EA627C4D1F000B541A9 /* ResponcceMovieInfo.swift in Sources */ = {isa = PBXBuildFile; fileRef = 0CF35EA527C4D1F000B541A9 /* ResponcceMovieInfo.swift */; };
		0CF35EA827C4DD8500B541A9 /* RequestMovieInfo.swift in Sources */ = {isa = PBXBuildFile; fileRef = 0CF35EA727C4DD8500B541A9 /* RequestMovieInfo.swift */; };
		0CF35EAA27C4E36E00B541A9 /* UIView+.swift in Sources */ = {isa = PBXBuildFile; fileRef = 0CF35EA927C4E36E00B541A9 /* UIView+.swift */; };
		5454F0853D1FFC43246E1007 /* libPods-MoveItMovie-MoveItMovieUITests.a in Frameworks */ = {isa = PBXBuildFile; fileRef = 6F95DCB246D8972919F9EAD5 /* libPods-MoveItMovie-MoveItMovieUITests.a */; };
		640F343F5FA444675081594D /* libPods-MoveItMovie.a in Frameworks */ = {isa = PBXBuildFile; fileRef = 6DC24812E00D973A3FED2D6C /* libPods-MoveItMovie.a */; };
		68F3B88DAC4CEADA14694B56 /* libPods-MoveItMovieTests.a in Frameworks */ = {isa = PBXBuildFile; fileRef = 3463D6EC2C2EC5BFACB76E5C /* libPods-MoveItMovieTests.a */; };
/* End PBXBuildFile section */

/* Begin PBXContainerItemProxy section */
		0CA78FFD27BB938200170455 /* PBXContainerItemProxy */ = {
			isa = PBXContainerItemProxy;
			containerPortal = 0CA78FDE27BB938000170455 /* Project object */;
			proxyType = 1;
			remoteGlobalIDString = 0CA78FE527BB938100170455;
			remoteInfo = MoveItMovie;
		};
		0CA7900727BB938200170455 /* PBXContainerItemProxy */ = {
			isa = PBXContainerItemProxy;
			containerPortal = 0CA78FDE27BB938000170455 /* Project object */;
			proxyType = 1;
			remoteGlobalIDString = 0CA78FE527BB938100170455;
			remoteInfo = MoveItMovie;
		};
/* End PBXContainerItemProxy section */

/* Begin PBXFileReference section */
		0C04B6A327C3678B00F3D548 /* DailyRankCollectionViewCell.swift */ = {isa = PBXFileReference; lastKnownFileType = sourcecode.swift; path = DailyRankCollectionViewCell.swift; sourceTree = "<group>"; };
		0C04B6A427C3678B00F3D548 /* DailyRankCollectionViewCell.xib */ = {isa = PBXFileReference; lastKnownFileType = file.xib; path = DailyRankCollectionViewCell.xib; sourceTree = "<group>"; };
		0C04B6A827C37B8500F3D548 /* UIImageView+.swift */ = {isa = PBXFileReference; lastKnownFileType = sourcecode.swift; path = "UIImageView+.swift"; sourceTree = "<group>"; };
		0C04B6AA27C37FA400F3D548 /* ColorConstant.swift */ = {isa = PBXFileReference; lastKnownFileType = sourcecode.swift; path = ColorConstant.swift; sourceTree = "<group>"; };
		0C04B6AC27C3814100F3D548 /* ColorSet.plist */ = {isa = PBXFileReference; lastKnownFileType = text.plist.xml; path = ColorSet.plist; sourceTree = "<group>"; };
		0C04B6AE27C39F9F00F3D548 /* ResponceCompanyList.swift */ = {isa = PBXFileReference; lastKnownFileType = sourcecode.swift; path = ResponceCompanyList.swift; sourceTree = "<group>"; };
		0C4CD01D27BE0FF400480B38 /* ResponceDailyBoxOffice.swift */ = {isa = PBXFileReference; lastKnownFileType = sourcecode.swift; path = ResponceDailyBoxOffice.swift; sourceTree = "<group>"; };
		0C4CD02827BE2C7900480B38 /* MainViewController.swift */ = {isa = PBXFileReference; lastKnownFileType = sourcecode.swift; path = MainViewController.swift; sourceTree = "<group>"; };
		0C4CD02927BE2C7900480B38 /* MainViewController.xib */ = {isa = PBXFileReference; lastKnownFileType = file.xib; path = MainViewController.xib; sourceTree = "<group>"; };
		0C4CD02C27BE3D4500480B38 /* NaverOpenApiManager.swift */ = {isa = PBXFileReference; lastKnownFileType = sourcecode.swift; path = NaverOpenApiManager.swift; sourceTree = "<group>"; };
		0C4CD02F27BE490900480B38 /* RequestNaverSearchMovie.swift */ = {isa = PBXFileReference; lastKnownFileType = sourcecode.swift; path = RequestNaverSearchMovie.swift; sourceTree = "<group>"; };
		0C4CD03127BE494D00480B38 /* RequestDailyBoxOffice.swift */ = {isa = PBXFileReference; lastKnownFileType = sourcecode.swift; path = RequestDailyBoxOffice.swift; sourceTree = "<group>"; };
		0C4F7F2827C5C865004E510C /* CompanyRecommendCollectionViewCell.swift */ = {isa = PBXFileReference; lastKnownFileType = sourcecode.swift; path = CompanyRecommendCollectionViewCell.swift; sourceTree = "<group>"; };
		0C4F7F2927C5C865004E510C /* CompanyRecommendCollectionViewCell.xib */ = {isa = PBXFileReference; lastKnownFileType = file.xib; path = CompanyRecommendCollectionViewCell.xib; sourceTree = "<group>"; };
		0C4F7F2C27C5CF89004E510C /* ComppanyRecommendData.swift */ = {isa = PBXFileReference; lastKnownFileType = sourcecode.swift; path = ComppanyRecommendData.swift; sourceTree = "<group>"; };
		0CA78FE627BB938100170455 /* MoveItMovie.app */ = {isa = PBXFileReference; explicitFileType = wrapper.application; includeInIndex = 0; path = MoveItMovie.app; sourceTree = BUILT_PRODUCTS_DIR; };
		0CA78FE927BB938100170455 /* AppDelegate.swift */ = {isa = PBXFileReference; lastKnownFileType = sourcecode.swift; path = AppDelegate.swift; sourceTree = "<group>"; };
		0CA78FEB27BB938100170455 /* SceneDelegate.swift */ = {isa = PBXFileReference; lastKnownFileType = sourcecode.swift; path = SceneDelegate.swift; sourceTree = "<group>"; };
		0CA78FED27BB938100170455 /* ViewController.swift */ = {isa = PBXFileReference; lastKnownFileType = sourcecode.swift; path = ViewController.swift; sourceTree = "<group>"; };
		0CA78FF027BB938100170455 /* Base */ = {isa = PBXFileReference; lastKnownFileType = file.storyboard; name = Base; path = Base.lproj/Main.storyboard; sourceTree = "<group>"; };
		0CA78FF227BB938200170455 /* Assets.xcassets */ = {isa = PBXFileReference; lastKnownFileType = folder.assetcatalog; path = Assets.xcassets; sourceTree = "<group>"; };
		0CA78FF527BB938200170455 /* Base */ = {isa = PBXFileReference; lastKnownFileType = file.storyboard; name = Base; path = Base.lproj/LaunchScreen.storyboard; sourceTree = "<group>"; };
		0CA78FF727BB938200170455 /* Info.plist */ = {isa = PBXFileReference; lastKnownFileType = text.plist.xml; path = Info.plist; sourceTree = "<group>"; };
		0CA78FFC27BB938200170455 /* MoveItMovieTests.xctest */ = {isa = PBXFileReference; explicitFileType = wrapper.cfbundle; includeInIndex = 0; path = MoveItMovieTests.xctest; sourceTree = BUILT_PRODUCTS_DIR; };
		0CA7900027BB938200170455 /* MoveItMovieTests.swift */ = {isa = PBXFileReference; lastKnownFileType = sourcecode.swift; path = MoveItMovieTests.swift; sourceTree = "<group>"; };
		0CA7900627BB938200170455 /* MoveItMovieUITests.xctest */ = {isa = PBXFileReference; explicitFileType = wrapper.cfbundle; includeInIndex = 0; path = MoveItMovieUITests.xctest; sourceTree = BUILT_PRODUCTS_DIR; };
		0CA7900A27BB938200170455 /* MoveItMovieUITests.swift */ = {isa = PBXFileReference; lastKnownFileType = sourcecode.swift; path = MoveItMovieUITests.swift; sourceTree = "<group>"; };
		0CA7900C27BB938200170455 /* MoveItMovieUITestsLaunchTests.swift */ = {isa = PBXFileReference; lastKnownFileType = sourcecode.swift; path = MoveItMovieUITestsLaunchTests.swift; sourceTree = "<group>"; };
		0CA7901A27BBA10C00170455 /* OpenApiService.swift */ = {isa = PBXFileReference; lastKnownFileType = sourcecode.swift; path = OpenApiService.swift; sourceTree = "<group>"; };
		0CC192E827C7202500ECC9DD /* RequestWeeklyBoxOffice.swift */ = {isa = PBXFileReference; lastKnownFileType = sourcecode.swift; path = RequestWeeklyBoxOffice.swift; sourceTree = "<group>"; };
		0CC192EA27C74AF400ECC9DD /* ResponceWeeklyBoxOffice.swift */ = {isa = PBXFileReference; lastKnownFileType = sourcecode.swift; path = ResponceWeeklyBoxOffice.swift; sourceTree = "<group>"; };
		0CD165E227BF356900C8E8BC /* ResponceNaverSearchMovie.swift */ = {isa = PBXFileReference; lastKnownFileType = sourcecode.swift; path = ResponceNaverSearchMovie.swift; sourceTree = "<group>"; };
		0CD165EF27BF57CD00C8E8BC /*  MainViewPresenter.swift */ = {isa = PBXFileReference; lastKnownFileType = sourcecode.swift; path = " MainViewPresenter.swift"; sourceTree = "<group>"; };
		0CD165F227BF5DA400C8E8BC /* NaverSearchMovieData.swift */ = {isa = PBXFileReference; lastKnownFileType = sourcecode.swift; path = NaverSearchMovieData.swift; sourceTree = "<group>"; };
		0CD165F427BF5FFC00C8E8BC /* ApiUtils.swift */ = {isa = PBXFileReference; lastKnownFileType = sourcecode.swift; path = ApiUtils.swift; sourceTree = "<group>"; };
		0CD165F627BF638E00C8E8BC /* DailyBoxOfficeData.swift */ = {isa = PBXFileReference; lastKnownFileType = sourcecode.swift; path = DailyBoxOfficeData.swift; sourceTree = "<group>"; };
		0CDE3F8227BC9BD900FB36E2 /* CommonUtils.swift */ = {isa = PBXFileReference; lastKnownFileType = sourcecode.swift; path = CommonUtils.swift; sourceTree = "<group>"; };
		0CDE3F8727BCB6DF00FB36E2 /* ParamsConstant.swift */ = {isa = PBXFileReference; lastKnownFileType = sourcecode.swift; path = ParamsConstant.swift; sourceTree = "<group>"; };
		0CDE3F8927BCB75400FB36E2 /* OpenApiManager.swift */ = {isa = PBXFileReference; lastKnownFileType = sourcecode.swift; path = OpenApiManager.swift; sourceTree = "<group>"; };
		0CF35EA127C4A8B900B541A9 /* RequestCompanyInfo.swift */ = {isa = PBXFileReference; lastKnownFileType = sourcecode.swift; path = RequestCompanyInfo.swift; sourceTree = "<group>"; };
		0CF35EA327C4A9BA00B541A9 /* ResponceCompanyInfo.swift */ = {isa = PBXFileReference; lastKnownFileType = sourcecode.swift; path = ResponceCompanyInfo.swift; sourceTree = "<group>"; };
		0CF35EA527C4D1F000B541A9 /* ResponcceMovieInfo.swift */ = {isa = PBXFileReference; lastKnownFileType = sourcecode.swift; path = ResponcceMovieInfo.swift; sourceTree = "<group>"; };
		0CF35EA727C4DD8500B541A9 /* RequestMovieInfo.swift */ = {isa = PBXFileReference; lastKnownFileType = sourcecode.swift; path = RequestMovieInfo.swift; sourceTree = "<group>"; };
		0CF35EA927C4E36E00B541A9 /* UIView+.swift */ = {isa = PBXFileReference; lastKnownFileType = sourcecode.swift; path = "UIView+.swift"; sourceTree = "<group>"; };
		0E01F8622C87D8136655B550 /* Pods-MoveItMovieTests.release.xcconfig */ = {isa = PBXFileReference; includeInIndex = 1; lastKnownFileType = text.xcconfig; name = "Pods-MoveItMovieTests.release.xcconfig"; path = "Target Support Files/Pods-MoveItMovieTests/Pods-MoveItMovieTests.release.xcconfig"; sourceTree = "<group>"; };
		3463D6EC2C2EC5BFACB76E5C /* libPods-MoveItMovieTests.a */ = {isa = PBXFileReference; explicitFileType = archive.ar; includeInIndex = 0; path = "libPods-MoveItMovieTests.a"; sourceTree = BUILT_PRODUCTS_DIR; };
		6DC24812E00D973A3FED2D6C /* libPods-MoveItMovie.a */ = {isa = PBXFileReference; explicitFileType = archive.ar; includeInIndex = 0; path = "libPods-MoveItMovie.a"; sourceTree = BUILT_PRODUCTS_DIR; };
		6F95DCB246D8972919F9EAD5 /* libPods-MoveItMovie-MoveItMovieUITests.a */ = {isa = PBXFileReference; explicitFileType = archive.ar; includeInIndex = 0; path = "libPods-MoveItMovie-MoveItMovieUITests.a"; sourceTree = BUILT_PRODUCTS_DIR; };
		9499C1B7273B5C2F8BA467A2 /* Pods-MoveItMovie.debug.xcconfig */ = {isa = PBXFileReference; includeInIndex = 1; lastKnownFileType = text.xcconfig; name = "Pods-MoveItMovie.debug.xcconfig"; path = "Target Support Files/Pods-MoveItMovie/Pods-MoveItMovie.debug.xcconfig"; sourceTree = "<group>"; };
		B5117043E2FF86B27A8D3C52 /* Pods-MoveItMovie-MoveItMovieUITests.release.xcconfig */ = {isa = PBXFileReference; includeInIndex = 1; lastKnownFileType = text.xcconfig; name = "Pods-MoveItMovie-MoveItMovieUITests.release.xcconfig"; path = "Target Support Files/Pods-MoveItMovie-MoveItMovieUITests/Pods-MoveItMovie-MoveItMovieUITests.release.xcconfig"; sourceTree = "<group>"; };
		B5D7565943E7EF8366C6A716 /* Pods-MoveItMovieTests.debug.xcconfig */ = {isa = PBXFileReference; includeInIndex = 1; lastKnownFileType = text.xcconfig; name = "Pods-MoveItMovieTests.debug.xcconfig"; path = "Target Support Files/Pods-MoveItMovieTests/Pods-MoveItMovieTests.debug.xcconfig"; sourceTree = "<group>"; };
		ED2DF42BA1E4A104705141DE /* Pods-MoveItMovie.release.xcconfig */ = {isa = PBXFileReference; includeInIndex = 1; lastKnownFileType = text.xcconfig; name = "Pods-MoveItMovie.release.xcconfig"; path = "Target Support Files/Pods-MoveItMovie/Pods-MoveItMovie.release.xcconfig"; sourceTree = "<group>"; };
		EF3F09AB948A1993A56A4B49 /* Pods-MoveItMovie-MoveItMovieUITests.debug.xcconfig */ = {isa = PBXFileReference; includeInIndex = 1; lastKnownFileType = text.xcconfig; name = "Pods-MoveItMovie-MoveItMovieUITests.debug.xcconfig"; path = "Target Support Files/Pods-MoveItMovie-MoveItMovieUITests/Pods-MoveItMovie-MoveItMovieUITests.debug.xcconfig"; sourceTree = "<group>"; };
/* End PBXFileReference section */

/* Begin PBXFrameworksBuildPhase section */
		0CA78FE327BB938100170455 /* Frameworks */ = {
			isa = PBXFrameworksBuildPhase;
			buildActionMask = 2147483647;
			files = (
				640F343F5FA444675081594D /* libPods-MoveItMovie.a in Frameworks */,
			);
			runOnlyForDeploymentPostprocessing = 0;
		};
		0CA78FF927BB938200170455 /* Frameworks */ = {
			isa = PBXFrameworksBuildPhase;
			buildActionMask = 2147483647;
			files = (
				68F3B88DAC4CEADA14694B56 /* libPods-MoveItMovieTests.a in Frameworks */,
			);
			runOnlyForDeploymentPostprocessing = 0;
		};
		0CA7900327BB938200170455 /* Frameworks */ = {
			isa = PBXFrameworksBuildPhase;
			buildActionMask = 2147483647;
			files = (
				5454F0853D1FFC43246E1007 /* libPods-MoveItMovie-MoveItMovieUITests.a in Frameworks */,
			);
			runOnlyForDeploymentPostprocessing = 0;
		};
/* End PBXFrameworksBuildPhase section */

/* Begin PBXGroup section */
		0C04B6A227C3676E00F3D548 /* Cell */ = {
			isa = PBXGroup;
			children = (
				0C04B6A327C3678B00F3D548 /* DailyRankCollectionViewCell.swift */,
				0C04B6A427C3678B00F3D548 /* DailyRankCollectionViewCell.xib */,
				0C4F7F2827C5C865004E510C /* CompanyRecommendCollectionViewCell.swift */,
				0C4F7F2927C5C865004E510C /* CompanyRecommendCollectionViewCell.xib */,
			);
			path = Cell;
			sourceTree = "<group>";
		};
		0C04B6A727C37B7700F3D548 /* Base */ = {
			isa = PBXGroup;
			children = (
				0C04B6A827C37B8500F3D548 /* UIImageView+.swift */,
				0CF35EA927C4E36E00B541A9 /* UIView+.swift */,
			);
			path = Base;
			sourceTree = "<group>";
		};
		0C4CD01C27BE0FC600480B38 /* Responce */ = {
			isa = PBXGroup;
			children = (
				0C4CD01D27BE0FF400480B38 /* ResponceDailyBoxOffice.swift */,
				0CC192EA27C74AF400ECC9DD /* ResponceWeeklyBoxOffice.swift */,
				0CD165E227BF356900C8E8BC /* ResponceNaverSearchMovie.swift */,
				0C04B6AE27C39F9F00F3D548 /* ResponceCompanyList.swift */,
				0CF35EA327C4A9BA00B541A9 /* ResponceCompanyInfo.swift */,
				0CF35EA527C4D1F000B541A9 /* ResponcceMovieInfo.swift */,
			);
			path = Responce;
			sourceTree = "<group>";
		};
		0C4CD01F27BE1D1F00480B38 /* Utils */ = {
			isa = PBXGroup;
			children = (
				0CDE3F8227BC9BD900FB36E2 /* CommonUtils.swift */,
				0CD165F427BF5FFC00C8E8BC /* ApiUtils.swift */,
			);
			path = Utils;
			sourceTree = "<group>";
		};
		0C4CD02027BE1D3B00480B38 /* ViewController */ = {
			isa = PBXGroup;
			children = (
				0C04B6A727C37B7700F3D548 /* Base */,
				0C04B6A227C3676E00F3D548 /* Cell */,
				0C4CD02827BE2C7900480B38 /* MainViewController.swift */,
				0C4CD02927BE2C7900480B38 /* MainViewController.xib */,
			);
			path = ViewController;
			sourceTree = "<group>";
		};
		0C4CD02127BE1D4800480B38 /* Presenter */ = {
			isa = PBXGroup;
			children = (
				0CD165EF27BF57CD00C8E8BC /*  MainViewPresenter.swift */,
			);
			path = Presenter;
			sourceTree = "<group>";
		};
		0C4CD02E27BE48FE00480B38 /* Request */ = {
			isa = PBXGroup;
			children = (
				0C4CD02F27BE490900480B38 /* RequestNaverSearchMovie.swift */,
				0C4CD03127BE494D00480B38 /* RequestDailyBoxOffice.swift */,
				0CF35EA127C4A8B900B541A9 /* RequestCompanyInfo.swift */,
				0CF35EA727C4DD8500B541A9 /* RequestMovieInfo.swift */,
				0CC192E827C7202500ECC9DD /* RequestWeeklyBoxOffice.swift */,
			);
			path = Request;
			sourceTree = "<group>";
		};
		0CA78FDD27BB938000170455 = {
			isa = PBXGroup;
			children = (
				0CA78FE827BB938100170455 /* MoveItMovie */,
				0CA78FFF27BB938200170455 /* MoveItMovieTests */,
				0CA7900927BB938200170455 /* MoveItMovieUITests */,
				0CA78FE727BB938100170455 /* Products */,
				8A594794B446EF5C479581D0 /* Pods */,
				32B8208BCE77FED4E3774959 /* Frameworks */,
			);
			sourceTree = "<group>";
		};
		0CA78FE727BB938100170455 /* Products */ = {
			isa = PBXGroup;
			children = (
				0CA78FE627BB938100170455 /* MoveItMovie.app */,
				0CA78FFC27BB938200170455 /* MoveItMovieTests.xctest */,
				0CA7900627BB938200170455 /* MoveItMovieUITests.xctest */,
			);
			name = Products;
			sourceTree = "<group>";
		};
		0CA78FE827BB938100170455 /* MoveItMovie */ = {
			isa = PBXGroup;
			children = (
				0CA78FE927BB938100170455 /* AppDelegate.swift */,
				0CA78FEB27BB938100170455 /* SceneDelegate.swift */,
				0CA78FED27BB938100170455 /* ViewController.swift */,
				0CA78FEF27BB938100170455 /* Main.storyboard */,
				0C4CD02027BE1D3B00480B38 /* ViewController */,
				0C4CD02127BE1D4800480B38 /* Presenter */,
				0CA7901927BBA0F800170455 /* Comm */,
				0CDE3F8427BCA90500FB36E2 /* Constant */,
				0C4CD01F27BE1D1F00480B38 /* Utils */,
				0CA78FF227BB938200170455 /* Assets.xcassets */,
				0CA78FF427BB938200170455 /* LaunchScreen.storyboard */,
				0CA78FF727BB938200170455 /* Info.plist */,
				0C04B6AC27C3814100F3D548 /* ColorSet.plist */,
			);
			path = MoveItMovie;
			sourceTree = "<group>";
		};
		0CA78FFF27BB938200170455 /* MoveItMovieTests */ = {
			isa = PBXGroup;
			children = (
				0CA7900027BB938200170455 /* MoveItMovieTests.swift */,
			);
			path = MoveItMovieTests;
			sourceTree = "<group>";
		};
		0CA7900927BB938200170455 /* MoveItMovieUITests */ = {
			isa = PBXGroup;
			children = (
				0CA7900A27BB938200170455 /* MoveItMovieUITests.swift */,
				0CA7900C27BB938200170455 /* MoveItMovieUITestsLaunchTests.swift */,
			);
			path = MoveItMovieUITests;
			sourceTree = "<group>";
		};
		0CA7901927BBA0F800170455 /* Comm */ = {
			isa = PBXGroup;
			children = (
				0CD165F127BF5D8300C8E8BC /* Data */,
				0C4CD02E27BE48FE00480B38 /* Request */,
				0C4CD01C27BE0FC600480B38 /* Responce */,
				0CA7901A27BBA10C00170455 /* OpenApiService.swift */,
				0CDE3F8927BCB75400FB36E2 /* OpenApiManager.swift */,
				0C4CD02C27BE3D4500480B38 /* NaverOpenApiManager.swift */,
			);
			path = Comm;
			sourceTree = "<group>";
		};
		0CD165F127BF5D8300C8E8BC /* Data */ = {
			isa = PBXGroup;
			children = (
				0CD165F227BF5DA400C8E8BC /* NaverSearchMovieData.swift */,
				0CD165F627BF638E00C8E8BC /* DailyBoxOfficeData.swift */,
				0C4F7F2C27C5CF89004E510C /* ComppanyRecommendData.swift */,
			);
			path = Data;
			sourceTree = "<group>";
		};
		0CDE3F8427BCA90500FB36E2 /* Constant */ = {
			isa = PBXGroup;
			children = (
				0CDE3F8727BCB6DF00FB36E2 /* ParamsConstant.swift */,
				0C04B6AA27C37FA400F3D548 /* ColorConstant.swift */,
			);
			path = Constant;
			sourceTree = "<group>";
		};
		32B8208BCE77FED4E3774959 /* Frameworks */ = {
			isa = PBXGroup;
			children = (
				6DC24812E00D973A3FED2D6C /* libPods-MoveItMovie.a */,
				6F95DCB246D8972919F9EAD5 /* libPods-MoveItMovie-MoveItMovieUITests.a */,
				3463D6EC2C2EC5BFACB76E5C /* libPods-MoveItMovieTests.a */,
			);
			name = Frameworks;
			sourceTree = "<group>";
		};
		8A594794B446EF5C479581D0 /* Pods */ = {
			isa = PBXGroup;
			children = (
				9499C1B7273B5C2F8BA467A2 /* Pods-MoveItMovie.debug.xcconfig */,
				ED2DF42BA1E4A104705141DE /* Pods-MoveItMovie.release.xcconfig */,
				EF3F09AB948A1993A56A4B49 /* Pods-MoveItMovie-MoveItMovieUITests.debug.xcconfig */,
				B5117043E2FF86B27A8D3C52 /* Pods-MoveItMovie-MoveItMovieUITests.release.xcconfig */,
				B5D7565943E7EF8366C6A716 /* Pods-MoveItMovieTests.debug.xcconfig */,
				0E01F8622C87D8136655B550 /* Pods-MoveItMovieTests.release.xcconfig */,
			);
			path = Pods;
			sourceTree = "<group>";
		};
/* End PBXGroup section */

/* Begin PBXNativeTarget section */
		0CA78FE527BB938100170455 /* MoveItMovie */ = {
			isa = PBXNativeTarget;
			buildConfigurationList = 0CA7901027BB938200170455 /* Build configuration list for PBXNativeTarget "MoveItMovie" */;
			buildPhases = (
				E3AD9764241C5816678BCB0B /* [CP] Check Pods Manifest.lock */,
				0CA78FE227BB938100170455 /* Sources */,
				0CA78FE327BB938100170455 /* Frameworks */,
				0CA78FE427BB938100170455 /* Resources */,
			);
			buildRules = (
			);
			dependencies = (
			);
			name = MoveItMovie;
			productName = MoveItMovie;
			productReference = 0CA78FE627BB938100170455 /* MoveItMovie.app */;
			productType = "com.apple.product-type.application";
		};
		0CA78FFB27BB938200170455 /* MoveItMovieTests */ = {
			isa = PBXNativeTarget;
			buildConfigurationList = 0CA7901327BB938200170455 /* Build configuration list for PBXNativeTarget "MoveItMovieTests" */;
			buildPhases = (
				64D27E72AC8ECA6AF3B637B2 /* [CP] Check Pods Manifest.lock */,
				0CA78FF827BB938200170455 /* Sources */,
				0CA78FF927BB938200170455 /* Frameworks */,
				0CA78FFA27BB938200170455 /* Resources */,
			);
			buildRules = (
			);
			dependencies = (
				0CA78FFE27BB938200170455 /* PBXTargetDependency */,
			);
			name = MoveItMovieTests;
			productName = MoveItMovieTests;
			productReference = 0CA78FFC27BB938200170455 /* MoveItMovieTests.xctest */;
			productType = "com.apple.product-type.bundle.unit-test";
		};
		0CA7900527BB938200170455 /* MoveItMovieUITests */ = {
			isa = PBXNativeTarget;
			buildConfigurationList = 0CA7901627BB938200170455 /* Build configuration list for PBXNativeTarget "MoveItMovieUITests" */;
			buildPhases = (
				6CFCCBB59BDC63C41D51B941 /* [CP] Check Pods Manifest.lock */,
				0CA7900227BB938200170455 /* Sources */,
				0CA7900327BB938200170455 /* Frameworks */,
				0CA7900427BB938200170455 /* Resources */,
			);
			buildRules = (
			);
			dependencies = (
				0CA7900827BB938200170455 /* PBXTargetDependency */,
			);
			name = MoveItMovieUITests;
			productName = MoveItMovieUITests;
			productReference = 0CA7900627BB938200170455 /* MoveItMovieUITests.xctest */;
			productType = "com.apple.product-type.bundle.ui-testing";
		};
/* End PBXNativeTarget section */

/* Begin PBXProject section */
		0CA78FDE27BB938000170455 /* Project object */ = {
			isa = PBXProject;
			attributes = {
				BuildIndependentTargetsInParallel = 1;
				LastSwiftUpdateCheck = 1300;
				LastUpgradeCheck = 1300;
				TargetAttributes = {
					0CA78FE527BB938100170455 = {
						CreatedOnToolsVersion = 13.0;
					};
					0CA78FFB27BB938200170455 = {
						CreatedOnToolsVersion = 13.0;
						TestTargetID = 0CA78FE527BB938100170455;
					};
					0CA7900527BB938200170455 = {
						CreatedOnToolsVersion = 13.0;
						TestTargetID = 0CA78FE527BB938100170455;
					};
				};
			};
			buildConfigurationList = 0CA78FE127BB938000170455 /* Build configuration list for PBXProject "MoveItMovie" */;
			compatibilityVersion = "Xcode 13.0";
			developmentRegion = en;
			hasScannedForEncodings = 0;
			knownRegions = (
				en,
				Base,
			);
			mainGroup = 0CA78FDD27BB938000170455;
			productRefGroup = 0CA78FE727BB938100170455 /* Products */;
			projectDirPath = "";
			projectRoot = "";
			targets = (
				0CA78FE527BB938100170455 /* MoveItMovie */,
				0CA78FFB27BB938200170455 /* MoveItMovieTests */,
				0CA7900527BB938200170455 /* MoveItMovieUITests */,
			);
		};
/* End PBXProject section */

/* Begin PBXResourcesBuildPhase section */
		0CA78FE427BB938100170455 /* Resources */ = {
			isa = PBXResourcesBuildPhase;
			buildActionMask = 2147483647;
			files = (
				0C4F7F2B27C5C865004E510C /* CompanyRecommendCollectionViewCell.xib in Resources */,
				0CA78FF627BB938200170455 /* LaunchScreen.storyboard in Resources */,
				0C04B6A627C3678B00F3D548 /* DailyRankCollectionViewCell.xib in Resources */,
				0CA78FF327BB938200170455 /* Assets.xcassets in Resources */,
				0C04B6AD27C3814100F3D548 /* ColorSet.plist in Resources */,
				0C4CD02B27BE2C7900480B38 /* MainViewController.xib in Resources */,
				0CA78FF127BB938100170455 /* Main.storyboard in Resources */,
			);
			runOnlyForDeploymentPostprocessing = 0;
		};
		0CA78FFA27BB938200170455 /* Resources */ = {
			isa = PBXResourcesBuildPhase;
			buildActionMask = 2147483647;
			files = (
			);
			runOnlyForDeploymentPostprocessing = 0;
		};
		0CA7900427BB938200170455 /* Resources */ = {
			isa = PBXResourcesBuildPhase;
			buildActionMask = 2147483647;
			files = (
			);
			runOnlyForDeploymentPostprocessing = 0;
		};
/* End PBXResourcesBuildPhase section */

/* Begin PBXShellScriptBuildPhase section */
		64D27E72AC8ECA6AF3B637B2 /* [CP] Check Pods Manifest.lock */ = {
			isa = PBXShellScriptBuildPhase;
			buildActionMask = 2147483647;
			files = (
			);
			inputFileListPaths = (
			);
			inputPaths = (
				"${PODS_PODFILE_DIR_PATH}/Podfile.lock",
				"${PODS_ROOT}/Manifest.lock",
			);
			name = "[CP] Check Pods Manifest.lock";
			outputFileListPaths = (
			);
			outputPaths = (
				"$(DERIVED_FILE_DIR)/Pods-MoveItMovieTests-checkManifestLockResult.txt",
			);
			runOnlyForDeploymentPostprocessing = 0;
			shellPath = /bin/sh;
			shellScript = "diff \"${PODS_PODFILE_DIR_PATH}/Podfile.lock\" \"${PODS_ROOT}/Manifest.lock\" > /dev/null\nif [ $? != 0 ] ; then\n    # print error to STDERR\n    echo \"error: The sandbox is not in sync with the Podfile.lock. Run 'pod install' or update your CocoaPods installation.\" >&2\n    exit 1\nfi\n# This output is used by Xcode 'outputs' to avoid re-running this script phase.\necho \"SUCCESS\" > \"${SCRIPT_OUTPUT_FILE_0}\"\n";
			showEnvVarsInLog = 0;
		};
		6CFCCBB59BDC63C41D51B941 /* [CP] Check Pods Manifest.lock */ = {
			isa = PBXShellScriptBuildPhase;
			buildActionMask = 2147483647;
			files = (
			);
			inputFileListPaths = (
			);
			inputPaths = (
				"${PODS_PODFILE_DIR_PATH}/Podfile.lock",
				"${PODS_ROOT}/Manifest.lock",
			);
			name = "[CP] Check Pods Manifest.lock";
			outputFileListPaths = (
			);
			outputPaths = (
				"$(DERIVED_FILE_DIR)/Pods-MoveItMovie-MoveItMovieUITests-checkManifestLockResult.txt",
			);
			runOnlyForDeploymentPostprocessing = 0;
			shellPath = /bin/sh;
			shellScript = "diff \"${PODS_PODFILE_DIR_PATH}/Podfile.lock\" \"${PODS_ROOT}/Manifest.lock\" > /dev/null\nif [ $? != 0 ] ; then\n    # print error to STDERR\n    echo \"error: The sandbox is not in sync with the Podfile.lock. Run 'pod install' or update your CocoaPods installation.\" >&2\n    exit 1\nfi\n# This output is used by Xcode 'outputs' to avoid re-running this script phase.\necho \"SUCCESS\" > \"${SCRIPT_OUTPUT_FILE_0}\"\n";
			showEnvVarsInLog = 0;
		};
		E3AD9764241C5816678BCB0B /* [CP] Check Pods Manifest.lock */ = {
			isa = PBXShellScriptBuildPhase;
			buildActionMask = 2147483647;
			files = (
			);
			inputFileListPaths = (
			);
			inputPaths = (
				"${PODS_PODFILE_DIR_PATH}/Podfile.lock",
				"${PODS_ROOT}/Manifest.lock",
			);
			name = "[CP] Check Pods Manifest.lock";
			outputFileListPaths = (
			);
			outputPaths = (
				"$(DERIVED_FILE_DIR)/Pods-MoveItMovie-checkManifestLockResult.txt",
			);
			runOnlyForDeploymentPostprocessing = 0;
			shellPath = /bin/sh;
			shellScript = "diff \"${PODS_PODFILE_DIR_PATH}/Podfile.lock\" \"${PODS_ROOT}/Manifest.lock\" > /dev/null\nif [ $? != 0 ] ; then\n    # print error to STDERR\n    echo \"error: The sandbox is not in sync with the Podfile.lock. Run 'pod install' or update your CocoaPods installation.\" >&2\n    exit 1\nfi\n# This output is used by Xcode 'outputs' to avoid re-running this script phase.\necho \"SUCCESS\" > \"${SCRIPT_OUTPUT_FILE_0}\"\n";
			showEnvVarsInLog = 0;
		};
/* End PBXShellScriptBuildPhase section */

/* Begin PBXSourcesBuildPhase section */
		0CA78FE227BB938100170455 /* Sources */ = {
			isa = PBXSourcesBuildPhase;
			buildActionMask = 2147483647;
			files = (
				0C04B6A527C3678B00F3D548 /* DailyRankCollectionViewCell.swift in Sources */,
				0CF35EA427C4A9BA00B541A9 /* ResponceCompanyInfo.swift in Sources */,
				0CA7901B27BBA10C00170455 /* OpenApiService.swift in Sources */,
				0CD165F727BF638E00C8E8BC /* DailyBoxOfficeData.swift in Sources */,
				0CF35EA227C4A8B900B541A9 /* RequestCompanyInfo.swift in Sources */,
				0CDE3F8A27BCB75400FB36E2 /* OpenApiManager.swift in Sources */,
				0C4F7F2D27C5CF89004E510C /* ComppanyRecommendData.swift in Sources */,
				0CDE3F8327BC9BD900FB36E2 /* CommonUtils.swift in Sources */,
				0C4CD03027BE490900480B38 /* RequestNaverSearchMovie.swift in Sources */,
				0CC192EB27C74AF400ECC9DD /* ResponceWeeklyBoxOffice.swift in Sources */,
				0C04B6AF27C39F9F00F3D548 /* ResponceCompanyList.swift in Sources */,
				0CF35EA627C4D1F000B541A9 /* ResponcceMovieInfo.swift in Sources */,
				0CF35EAA27C4E36E00B541A9 /* UIView+.swift in Sources */,
				0CD165F527BF5FFC00C8E8BC /* ApiUtils.swift in Sources */,
				0C04B6A927C37B8500F3D548 /* UIImageView+.swift in Sources */,
				0CA78FEE27BB938100170455 /* ViewController.swift in Sources */,
				0C4F7F2A27C5C865004E510C /* CompanyRecommendCollectionViewCell.swift in Sources */,
				0C4CD02D27BE3D4500480B38 /* NaverOpenApiManager.swift in Sources */,
				0CA78FEA27BB938100170455 /* AppDelegate.swift in Sources */,
				0CC192E927C7202500ECC9DD /* RequestWeeklyBoxOffice.swift in Sources */,
				0CD165F027BF57CD00C8E8BC /*  MainViewPresenter.swift in Sources */,
				0CA78FEC27BB938100170455 /* SceneDelegate.swift in Sources */,
				0CD165F327BF5DA400C8E8BC /* NaverSearchMovieData.swift in Sources */,
				0C4CD01E27BE0FF400480B38 /* ResponceDailyBoxOffice.swift in Sources */,
				0C4CD03227BE494D00480B38 /* RequestDailyBoxOffice.swift in Sources */,
				0CF35EA827C4DD8500B541A9 /* RequestMovieInfo.swift in Sources */,
				0CDE3F8827BCB6DF00FB36E2 /* ParamsConstant.swift in Sources */,
				0CD165E327BF356900C8E8BC /* ResponceNaverSearchMovie.swift in Sources */,
				0C4CD02A27BE2C7900480B38 /* MainViewController.swift in Sources */,
				0C04B6AB27C37FA400F3D548 /* ColorConstant.swift in Sources */,
			);
			runOnlyForDeploymentPostprocessing = 0;
		};
		0CA78FF827BB938200170455 /* Sources */ = {
			isa = PBXSourcesBuildPhase;
			buildActionMask = 2147483647;
			files = (
				0CA7900127BB938200170455 /* MoveItMovieTests.swift in Sources */,
			);
			runOnlyForDeploymentPostprocessing = 0;
		};
		0CA7900227BB938200170455 /* Sources */ = {
			isa = PBXSourcesBuildPhase;
			buildActionMask = 2147483647;
			files = (
				0CA7900B27BB938200170455 /* MoveItMovieUITests.swift in Sources */,
				0CA7900D27BB938200170455 /* MoveItMovieUITestsLaunchTests.swift in Sources */,
			);
			runOnlyForDeploymentPostprocessing = 0;
		};
/* End PBXSourcesBuildPhase section */

/* Begin PBXTargetDependency section */
		0CA78FFE27BB938200170455 /* PBXTargetDependency */ = {
			isa = PBXTargetDependency;
			target = 0CA78FE527BB938100170455 /* MoveItMovie */;
			targetProxy = 0CA78FFD27BB938200170455 /* PBXContainerItemProxy */;
		};
		0CA7900827BB938200170455 /* PBXTargetDependency */ = {
			isa = PBXTargetDependency;
			target = 0CA78FE527BB938100170455 /* MoveItMovie */;
			targetProxy = 0CA7900727BB938200170455 /* PBXContainerItemProxy */;
		};
/* End PBXTargetDependency section */

/* Begin PBXVariantGroup section */
		0CA78FEF27BB938100170455 /* Main.storyboard */ = {
			isa = PBXVariantGroup;
			children = (
				0CA78FF027BB938100170455 /* Base */,
			);
			name = Main.storyboard;
			sourceTree = "<group>";
		};
		0CA78FF427BB938200170455 /* LaunchScreen.storyboard */ = {
			isa = PBXVariantGroup;
			children = (
				0CA78FF527BB938200170455 /* Base */,
			);
			name = LaunchScreen.storyboard;
			sourceTree = "<group>";
		};
/* End PBXVariantGroup section */

/* Begin XCBuildConfiguration section */
		0CA7900E27BB938200170455 /* Debug */ = {
			isa = XCBuildConfiguration;
			buildSettings = {
				ALWAYS_SEARCH_USER_PATHS = NO;
				CLANG_ANALYZER_NONNULL = YES;
				CLANG_ANALYZER_NUMBER_OBJECT_CONVERSION = YES_AGGRESSIVE;
				CLANG_CXX_LANGUAGE_STANDARD = "gnu++17";
				CLANG_CXX_LIBRARY = "libc++";
				CLANG_ENABLE_MODULES = YES;
				CLANG_ENABLE_OBJC_ARC = YES;
				CLANG_ENABLE_OBJC_WEAK = YES;
				CLANG_WARN_BLOCK_CAPTURE_AUTORELEASING = YES;
				CLANG_WARN_BOOL_CONVERSION = YES;
				CLANG_WARN_COMMA = YES;
				CLANG_WARN_CONSTANT_CONVERSION = YES;
				CLANG_WARN_DEPRECATED_OBJC_IMPLEMENTATIONS = YES;
				CLANG_WARN_DIRECT_OBJC_ISA_USAGE = YES_ERROR;
				CLANG_WARN_DOCUMENTATION_COMMENTS = YES;
				CLANG_WARN_EMPTY_BODY = YES;
				CLANG_WARN_ENUM_CONVERSION = YES;
				CLANG_WARN_INFINITE_RECURSION = YES;
				CLANG_WARN_INT_CONVERSION = YES;
				CLANG_WARN_NON_LITERAL_NULL_CONVERSION = YES;
				CLANG_WARN_OBJC_IMPLICIT_RETAIN_SELF = YES;
				CLANG_WARN_OBJC_LITERAL_CONVERSION = YES;
				CLANG_WARN_OBJC_ROOT_CLASS = YES_ERROR;
				CLANG_WARN_QUOTED_INCLUDE_IN_FRAMEWORK_HEADER = YES;
				CLANG_WARN_RANGE_LOOP_ANALYSIS = YES;
				CLANG_WARN_STRICT_PROTOTYPES = YES;
				CLANG_WARN_SUSPICIOUS_MOVE = YES;
				CLANG_WARN_UNGUARDED_AVAILABILITY = YES_AGGRESSIVE;
				CLANG_WARN_UNREACHABLE_CODE = YES;
				CLANG_WARN__DUPLICATE_METHOD_MATCH = YES;
				COPY_PHASE_STRIP = NO;
				DEBUG_INFORMATION_FORMAT = dwarf;
				ENABLE_STRICT_OBJC_MSGSEND = YES;
				ENABLE_TESTABILITY = YES;
				GCC_C_LANGUAGE_STANDARD = gnu11;
				GCC_DYNAMIC_NO_PIC = NO;
				GCC_NO_COMMON_BLOCKS = YES;
				GCC_OPTIMIZATION_LEVEL = 0;
				GCC_PREPROCESSOR_DEFINITIONS = (
					"DEBUG=1",
					"$(inherited)",
				);
				GCC_WARN_64_TO_32_BIT_CONVERSION = YES;
				GCC_WARN_ABOUT_RETURN_TYPE = YES_ERROR;
				GCC_WARN_UNDECLARED_SELECTOR = YES;
				GCC_WARN_UNINITIALIZED_AUTOS = YES_AGGRESSIVE;
				GCC_WARN_UNUSED_FUNCTION = YES;
				GCC_WARN_UNUSED_VARIABLE = YES;
				IPHONEOS_DEPLOYMENT_TARGET = 13.0;
				MTL_ENABLE_DEBUG_INFO = INCLUDE_SOURCE;
				MTL_FAST_MATH = YES;
				ONLY_ACTIVE_ARCH = YES;
				SDKROOT = iphoneos;
				SWIFT_ACTIVE_COMPILATION_CONDITIONS = DEBUG;
				SWIFT_OPTIMIZATION_LEVEL = "-Onone";
			};
			name = Debug;
		};
		0CA7900F27BB938200170455 /* Release */ = {
			isa = XCBuildConfiguration;
			buildSettings = {
				ALWAYS_SEARCH_USER_PATHS = NO;
				CLANG_ANALYZER_NONNULL = YES;
				CLANG_ANALYZER_NUMBER_OBJECT_CONVERSION = YES_AGGRESSIVE;
				CLANG_CXX_LANGUAGE_STANDARD = "gnu++17";
				CLANG_CXX_LIBRARY = "libc++";
				CLANG_ENABLE_MODULES = YES;
				CLANG_ENABLE_OBJC_ARC = YES;
				CLANG_ENABLE_OBJC_WEAK = YES;
				CLANG_WARN_BLOCK_CAPTURE_AUTORELEASING = YES;
				CLANG_WARN_BOOL_CONVERSION = YES;
				CLANG_WARN_COMMA = YES;
				CLANG_WARN_CONSTANT_CONVERSION = YES;
				CLANG_WARN_DEPRECATED_OBJC_IMPLEMENTATIONS = YES;
				CLANG_WARN_DIRECT_OBJC_ISA_USAGE = YES_ERROR;
				CLANG_WARN_DOCUMENTATION_COMMENTS = YES;
				CLANG_WARN_EMPTY_BODY = YES;
				CLANG_WARN_ENUM_CONVERSION = YES;
				CLANG_WARN_INFINITE_RECURSION = YES;
				CLANG_WARN_INT_CONVERSION = YES;
				CLANG_WARN_NON_LITERAL_NULL_CONVERSION = YES;
				CLANG_WARN_OBJC_IMPLICIT_RETAIN_SELF = YES;
				CLANG_WARN_OBJC_LITERAL_CONVERSION = YES;
				CLANG_WARN_OBJC_ROOT_CLASS = YES_ERROR;
				CLANG_WARN_QUOTED_INCLUDE_IN_FRAMEWORK_HEADER = YES;
				CLANG_WARN_RANGE_LOOP_ANALYSIS = YES;
				CLANG_WARN_STRICT_PROTOTYPES = YES;
				CLANG_WARN_SUSPICIOUS_MOVE = YES;
				CLANG_WARN_UNGUARDED_AVAILABILITY = YES_AGGRESSIVE;
				CLANG_WARN_UNREACHABLE_CODE = YES;
				CLANG_WARN__DUPLICATE_METHOD_MATCH = YES;
				COPY_PHASE_STRIP = NO;
				DEBUG_INFORMATION_FORMAT = "dwarf-with-dsym";
				ENABLE_NS_ASSERTIONS = NO;
				ENABLE_STRICT_OBJC_MSGSEND = YES;
				GCC_C_LANGUAGE_STANDARD = gnu11;
				GCC_NO_COMMON_BLOCKS = YES;
				GCC_WARN_64_TO_32_BIT_CONVERSION = YES;
				GCC_WARN_ABOUT_RETURN_TYPE = YES_ERROR;
				GCC_WARN_UNDECLARED_SELECTOR = YES;
				GCC_WARN_UNINITIALIZED_AUTOS = YES_AGGRESSIVE;
				GCC_WARN_UNUSED_FUNCTION = YES;
				GCC_WARN_UNUSED_VARIABLE = YES;
				IPHONEOS_DEPLOYMENT_TARGET = 13.0;
				MTL_ENABLE_DEBUG_INFO = NO;
				MTL_FAST_MATH = YES;
				SDKROOT = iphoneos;
				SWIFT_COMPILATION_MODE = wholemodule;
				SWIFT_OPTIMIZATION_LEVEL = "-O";
				VALIDATE_PRODUCT = YES;
			};
			name = Release;
		};
		0CA7901127BB938200170455 /* Debug */ = {
			isa = XCBuildConfiguration;
			baseConfigurationReference = 9499C1B7273B5C2F8BA467A2 /* Pods-MoveItMovie.debug.xcconfig */;
			buildSettings = {
				ASSETCATALOG_COMPILER_APPICON_NAME = AppIcon;
				ASSETCATALOG_COMPILER_GLOBAL_ACCENT_COLOR_NAME = AccentColor;
				CODE_SIGN_STYLE = Automatic;
				CURRENT_PROJECT_VERSION = 1;
				DEVELOPMENT_TEAM = AZ8H2T83J2;
				GENERATE_INFOPLIST_FILE = YES;
				INFOPLIST_FILE = MoveItMovie/Info.plist;
				INFOPLIST_KEY_UIApplicationSupportsIndirectInputEvents = YES;
				INFOPLIST_KEY_UILaunchStoryboardName = LaunchScreen;
				INFOPLIST_KEY_UIMainStoryboardFile = Main;
				INFOPLIST_KEY_UISupportedInterfaceOrientations_iPad = "UIInterfaceOrientationPortrait UIInterfaceOrientationPortraitUpsideDown UIInterfaceOrientationLandscapeLeft UIInterfaceOrientationLandscapeRight";
				INFOPLIST_KEY_UISupportedInterfaceOrientations_iPhone = "UIInterfaceOrientationPortrait UIInterfaceOrientationLandscapeLeft UIInterfaceOrientationLandscapeRight";
				INFOPLIST_KEY_UIUserInterfaceStyle = Light;
				IPHONEOS_DEPLOYMENT_TARGET = 13.0;
				LD_RUNPATH_SEARCH_PATHS = (
					"$(inherited)",
					"@executable_path/Frameworks",
				);
				MARKETING_VERSION = 1.0;
				PRODUCT_BUNDLE_IDENTIFIER = com.yeon.MoveItMovie;
				PRODUCT_NAME = "$(TARGET_NAME)";
				SWIFT_EMIT_LOC_STRINGS = YES;
				SWIFT_VERSION = 5.0;
				TARGETED_DEVICE_FAMILY = "1,2";
			};
			name = Debug;
		};
		0CA7901227BB938200170455 /* Release */ = {
			isa = XCBuildConfiguration;
			baseConfigurationReference = ED2DF42BA1E4A104705141DE /* Pods-MoveItMovie.release.xcconfig */;
			buildSettings = {
				ASSETCATALOG_COMPILER_APPICON_NAME = AppIcon;
				ASSETCATALOG_COMPILER_GLOBAL_ACCENT_COLOR_NAME = AccentColor;
				CODE_SIGN_STYLE = Automatic;
				CURRENT_PROJECT_VERSION = 1;
				DEVELOPMENT_TEAM = AZ8H2T83J2;
				GENERATE_INFOPLIST_FILE = YES;
				INFOPLIST_FILE = MoveItMovie/Info.plist;
				INFOPLIST_KEY_UIApplicationSupportsIndirectInputEvents = YES;
				INFOPLIST_KEY_UILaunchStoryboardName = LaunchScreen;
				INFOPLIST_KEY_UIMainStoryboardFile = Main;
				INFOPLIST_KEY_UISupportedInterfaceOrientations_iPad = "UIInterfaceOrientationPortrait UIInterfaceOrientationPortraitUpsideDown UIInterfaceOrientationLandscapeLeft UIInterfaceOrientationLandscapeRight";
				INFOPLIST_KEY_UISupportedInterfaceOrientations_iPhone = "UIInterfaceOrientationPortrait UIInterfaceOrientationLandscapeLeft UIInterfaceOrientationLandscapeRight";
				INFOPLIST_KEY_UIUserInterfaceStyle = Light;
				IPHONEOS_DEPLOYMENT_TARGET = 13.0;
				LD_RUNPATH_SEARCH_PATHS = (
					"$(inherited)",
					"@executable_path/Frameworks",
				);
				MARKETING_VERSION = 1.0;
				PRODUCT_BUNDLE_IDENTIFIER = com.yeon.MoveItMovie;
				PRODUCT_NAME = "$(TARGET_NAME)";
				SWIFT_EMIT_LOC_STRINGS = YES;
				SWIFT_VERSION = 5.0;
				TARGETED_DEVICE_FAMILY = "1,2";
			};
			name = Release;
		};
		0CA7901427BB938200170455 /* Debug */ = {
			isa = XCBuildConfiguration;
			baseConfigurationReference = B5D7565943E7EF8366C6A716 /* Pods-MoveItMovieTests.debug.xcconfig */;
			buildSettings = {
				ALWAYS_EMBED_SWIFT_STANDARD_LIBRARIES = YES;
				BUNDLE_LOADER = "$(TEST_HOST)";
				CODE_SIGN_STYLE = Automatic;
				CURRENT_PROJECT_VERSION = 1;
				DEVELOPMENT_TEAM = "";
				GENERATE_INFOPLIST_FILE = YES;
				IPHONEOS_DEPLOYMENT_TARGET = 15.0;
				LD_RUNPATH_SEARCH_PATHS = (
					"$(inherited)",
					"@executable_path/Frameworks",
					"@loader_path/Frameworks",
				);
				MARKETING_VERSION = 1.0;
				PRODUCT_BUNDLE_IDENTIFIER = com.yeon.MoveItMovieTests;
				PRODUCT_NAME = "$(TARGET_NAME)";
				SWIFT_EMIT_LOC_STRINGS = NO;
				SWIFT_VERSION = 5.0;
				TARGETED_DEVICE_FAMILY = "1,2";
				TEST_HOST = "$(BUILT_PRODUCTS_DIR)/MoveItMovie.app/MoveItMovie";
			};
			name = Debug;
		};
		0CA7901527BB938200170455 /* Release */ = {
			isa = XCBuildConfiguration;
			baseConfigurationReference = 0E01F8622C87D8136655B550 /* Pods-MoveItMovieTests.release.xcconfig */;
			buildSettings = {
				ALWAYS_EMBED_SWIFT_STANDARD_LIBRARIES = YES;
				BUNDLE_LOADER = "$(TEST_HOST)";
				CODE_SIGN_STYLE = Automatic;
				CURRENT_PROJECT_VERSION = 1;
				DEVELOPMENT_TEAM = "";
				GENERATE_INFOPLIST_FILE = YES;
				IPHONEOS_DEPLOYMENT_TARGET = 15.0;
				LD_RUNPATH_SEARCH_PATHS = (
					"$(inherited)",
					"@executable_path/Frameworks",
					"@loader_path/Frameworks",
				);
				MARKETING_VERSION = 1.0;
				PRODUCT_BUNDLE_IDENTIFIER = com.yeon.MoveItMovieTests;
				PRODUCT_NAME = "$(TARGET_NAME)";
				SWIFT_EMIT_LOC_STRINGS = NO;
				SWIFT_VERSION = 5.0;
				TARGETED_DEVICE_FAMILY = "1,2";
				TEST_HOST = "$(BUILT_PRODUCTS_DIR)/MoveItMovie.app/MoveItMovie";
			};
			name = Release;
		};
		0CA7901727BB938200170455 /* Debug */ = {
			isa = XCBuildConfiguration;
			baseConfigurationReference = EF3F09AB948A1993A56A4B49 /* Pods-MoveItMovie-MoveItMovieUITests.debug.xcconfig */;
			buildSettings = {
				ALWAYS_EMBED_SWIFT_STANDARD_LIBRARIES = YES;
				CODE_SIGN_STYLE = Automatic;
				CURRENT_PROJECT_VERSION = 1;
				DEVELOPMENT_TEAM = "";
				GENERATE_INFOPLIST_FILE = YES;
				LD_RUNPATH_SEARCH_PATHS = (
					"$(inherited)",
					"@executable_path/Frameworks",
					"@loader_path/Frameworks",
				);
				MARKETING_VERSION = 1.0;
				PRODUCT_BUNDLE_IDENTIFIER = com.yeon.MoveItMovieUITests;
				PRODUCT_NAME = "$(TARGET_NAME)";
				SWIFT_EMIT_LOC_STRINGS = NO;
				SWIFT_VERSION = 5.0;
				TARGETED_DEVICE_FAMILY = "1,2";
				TEST_TARGET_NAME = MoveItMovie;
			};
			name = Debug;
		};
		0CA7901827BB938200170455 /* Release */ = {
			isa = XCBuildConfiguration;
			baseConfigurationReference = B5117043E2FF86B27A8D3C52 /* Pods-MoveItMovie-MoveItMovieUITests.release.xcconfig */;
			buildSettings = {
				ALWAYS_EMBED_SWIFT_STANDARD_LIBRARIES = YES;
				CODE_SIGN_STYLE = Automatic;
				CURRENT_PROJECT_VERSION = 1;
				DEVELOPMENT_TEAM = "";
				GENERATE_INFOPLIST_FILE = YES;
				LD_RUNPATH_SEARCH_PATHS = (
					"$(inherited)",
					"@executable_path/Frameworks",
					"@loader_path/Frameworks",
				);
				MARKETING_VERSION = 1.0;
				PRODUCT_BUNDLE_IDENTIFIER = com.yeon.MoveItMovieUITests;
				PRODUCT_NAME = "$(TARGET_NAME)";
				SWIFT_EMIT_LOC_STRINGS = NO;
				SWIFT_VERSION = 5.0;
				TARGETED_DEVICE_FAMILY = "1,2";
				TEST_TARGET_NAME = MoveItMovie;
			};
			name = Release;
		};
/* End XCBuildConfiguration section */

/* Begin XCConfigurationList section */
		0CA78FE127BB938000170455 /* Build configuration list for PBXProject "MoveItMovie" */ = {
			isa = XCConfigurationList;
			buildConfigurations = (
				0CA7900E27BB938200170455 /* Debug */,
				0CA7900F27BB938200170455 /* Release */,
			);
			defaultConfigurationIsVisible = 0;
			defaultConfigurationName = Release;
		};
		0CA7901027BB938200170455 /* Build configuration list for PBXNativeTarget "MoveItMovie" */ = {
			isa = XCConfigurationList;
			buildConfigurations = (
				0CA7901127BB938200170455 /* Debug */,
				0CA7901227BB938200170455 /* Release */,
			);
			defaultConfigurationIsVisible = 0;
			defaultConfigurationName = Release;
		};
		0CA7901327BB938200170455 /* Build configuration list for PBXNativeTarget "MoveItMovieTests" */ = {
			isa = XCConfigurationList;
			buildConfigurations = (
				0CA7901427BB938200170455 /* Debug */,
				0CA7901527BB938200170455 /* Release */,
			);
			defaultConfigurationIsVisible = 0;
			defaultConfigurationName = Release;
		};
		0CA7901627BB938200170455 /* Build configuration list for PBXNativeTarget "MoveItMovieUITests" */ = {
			isa = XCConfigurationList;
			buildConfigurations = (
				0CA7901727BB938200170455 /* Debug */,
				0CA7901827BB938200170455 /* Release */,
			);
			defaultConfigurationIsVisible = 0;
			defaultConfigurationName = Release;
		};
/* End XCConfigurationList section */
	};
	rootObject = 0CA78FDE27BB938000170455 /* Project object */;
}
